
Microsoft Visual Studio Solution File, Format Version 12.00
# Visual Studio Version 17
VisualStudioVersion = 17.5.002.0
MinimumVisualStudioVersion = 10.0.40219.1
Project("{9A19103F-16F7-4668-BE54-9A1E7A4F7556}") = "HelloWorld", "HelloWorld.csproj", "{A15DA5C9-210A-473A-8A76-5F04D55F7151}"
EndProject
Global
	GlobalSection(SolutionConfigurationPlatforms) = preSolution
		Debug|Any CPU = Debug|Any CPU
		Release|Any CPU = Release|Any CPU
	EndGlobalSection
	GlobalSection(ProjectConfigurationPlatforms) = postSolution
		{A15DA5C9-210A-473A-8A76-5F04D55F7151}.Debug|Any CPU.ActiveCfg = Debug|Any CPU
		{A15DA5C9-210A-473A-8A76-5F04D55F7151}.Debug|Any CPU.Build.0 = Debug|Any CPU
		{A15DA5C9-210A-473A-8A76-5F04D55F7151}.Release|Any CPU.ActiveCfg = Release|Any CPU
		{A15DA5C9-210A-473A-8A76-5F04D55F7151}.Release|Any CPU.Build.0 = Release|Any CPU
	EndGlobalSection
	GlobalSection(SolutionProperties) = preSolution
		HideSolutionNode = FALSE
	EndGlobalSection
	GlobalSection(ExtensibilityGlobals) = postSolution
		SolutionGuid = {33CCC334-ACD7-41FB-99EC-9F80DDDEE211}
	EndGlobalSection
EndGlobal
